
Microsoft Visual Studio Solution File, Format Version 12.00
# Visual Studio Version 17
VisualStudioVersion = 17.8.34330.188
MinimumVisualStudioVersion = 10.0.40219.1
Project("{9A19103F-16F7-4668-BE54-9A1E7A4F7556}") = "GamificationRewards", "GamificationRewards\GamificationRewards.csproj", "{B4B5438D-A8B3-445F-9FD9-24CC5E5DB8D7}"
EndProject
Project("{9A19103F-16F7-4668-BE54-9A1E7A4F7556}") = "GamificationRewardsTests", "GamificationRewardsTests\GamificationRewardsTests.csproj", "{6BADEE89-5169-4A51-95A4-AB6DE0FC6444}"
EndProject
Project("{9A19103F-16F7-4668-BE54-9A1E7A4F7556}") = "GamificationFunctions", "GamificationFunctions\GamificationFunctions.csproj", "{F0A94005-6216-4706-ADA0-F1F83FE9D0D7}"
EndProject
Project("{9A19103F-16F7-4668-BE54-9A1E7A4F7556}") = "Gamification", "Gamification\Gamification.csproj", "{A73E5B53-D926-409A-8D9F-26E906E01898}"
EndProject
Project("{9A19103F-16F7-4668-BE54-9A1E7A4F7556}") = "Gamification.Interfaces", "Gamification.Interfaces\Gamification.Interfaces.csproj", "{E7D0E187-54F9-4B0E-8E3B-4CF1B78FF394}"
EndProject
Project("{9A19103F-16F7-4668-BE54-9A1E7A4F7556}") = "Gamification.Core", "Gamification.Core\Gamification.Core.csproj", "{2DAF8B9F-C2AA-4BA0-ABA1-2DA4CB40963F}"
EndProject
Project("{9A19103F-16F7-4668-BE54-9A1E7A4F7556}") = "Gamification.UseCases.Interfaces", "UseCases.Interfaces\Gamification.UseCases.Interfaces.csproj", "{C3164312-B83A-44B9-9D91-C181082DB206}"
EndProject
Project("{9A19103F-16F7-4668-BE54-9A1E7A4F7556}") = "Gamification.Repositories", "Gamification.Repositories\Gamification.Repositories.csproj", "{1F88A318-6B0B-47EE-B838-4FA326641A04}"
EndProject
Project("{9A19103F-16F7-4668-BE54-9A1E7A4F7556}") = "Gamification.Repositories.Contracts", "Gamification.Repositories.Contracts\Gamification.Repositories.Contracts.csproj", "{8FE5FB8C-972D-4F3D-9098-0D3C9943304B}"
EndProject
Global
	GlobalSection(SolutionConfigurationPlatforms) = preSolution
		Debug|Any CPU = Debug|Any CPU
		Release|Any CPU = Release|Any CPU
	EndGlobalSection
	GlobalSection(ProjectConfigurationPlatforms) = postSolution
		{B4B5438D-A8B3-445F-9FD9-24CC5E5DB8D7}.Debug|Any CPU.ActiveCfg = Debug|Any CPU
		{B4B5438D-A8B3-445F-9FD9-24CC5E5DB8D7}.Debug|Any CPU.Build.0 = Debug|Any CPU
		{B4B5438D-A8B3-445F-9FD9-24CC5E5DB8D7}.Release|Any CPU.ActiveCfg = Release|Any CPU
		{B4B5438D-A8B3-445F-9FD9-24CC5E5DB8D7}.Release|Any CPU.Build.0 = Release|Any CPU
		{6BADEE89-5169-4A51-95A4-AB6DE0FC6444}.Debug|Any CPU.ActiveCfg = Debug|Any CPU
		{6BADEE89-5169-4A51-95A4-AB6DE0FC6444}.Debug|Any CPU.Build.0 = Debug|Any CPU
		{6BADEE89-5169-4A51-95A4-AB6DE0FC6444}.Release|Any CPU.ActiveCfg = Release|Any CPU
		{6BADEE89-5169-4A51-95A4-AB6DE0FC6444}.Release|Any CPU.Build.0 = Release|Any CPU
		{F0A94005-6216-4706-ADA0-F1F83FE9D0D7}.Debug|Any CPU.ActiveCfg = Debug|Any CPU
		{F0A94005-6216-4706-ADA0-F1F83FE9D0D7}.Debug|Any CPU.Build.0 = Debug|Any CPU
		{F0A94005-6216-4706-ADA0-F1F83FE9D0D7}.Release|Any CPU.ActiveCfg = Release|Any CPU
		{F0A94005-6216-4706-ADA0-F1F83FE9D0D7}.Release|Any CPU.Build.0 = Release|Any CPU
		{A73E5B53-D926-409A-8D9F-26E906E01898}.Debug|Any CPU.ActiveCfg = Debug|Any CPU
		{A73E5B53-D926-409A-8D9F-26E906E01898}.Debug|Any CPU.Build.0 = Debug|Any CPU
		{A73E5B53-D926-409A-8D9F-26E906E01898}.Release|Any CPU.ActiveCfg = Release|Any CPU
		{A73E5B53-D926-409A-8D9F-26E906E01898}.Release|Any CPU.Build.0 = Release|Any CPU
		{E7D0E187-54F9-4B0E-8E3B-4CF1B78FF394}.Debug|Any CPU.ActiveCfg = Debug|Any CPU
		{E7D0E187-54F9-4B0E-8E3B-4CF1B78FF394}.Debug|Any CPU.Build.0 = Debug|Any CPU
		{E7D0E187-54F9-4B0E-8E3B-4CF1B78FF394}.Release|Any CPU.ActiveCfg = Release|Any CPU
		{E7D0E187-54F9-4B0E-8E3B-4CF1B78FF394}.Release|Any CPU.Build.0 = Release|Any CPU
		{2DAF8B9F-C2AA-4BA0-ABA1-2DA4CB40963F}.Debug|Any CPU.ActiveCfg = Debug|Any CPU
		{2DAF8B9F-C2AA-4BA0-ABA1-2DA4CB40963F}.Debug|Any CPU.Build.0 = Debug|Any CPU
		{2DAF8B9F-C2AA-4BA0-ABA1-2DA4CB40963F}.Release|Any CPU.ActiveCfg = Release|Any CPU
		{2DAF8B9F-C2AA-4BA0-ABA1-2DA4CB40963F}.Release|Any CPU.Build.0 = Release|Any CPU
		{C3164312-B83A-44B9-9D91-C181082DB206}.Debug|Any CPU.ActiveCfg = Debug|Any CPU
		{C3164312-B83A-44B9-9D91-C181082DB206}.Debug|Any CPU.Build.0 = Debug|Any CPU
		{C3164312-B83A-44B9-9D91-C181082DB206}.Release|Any CPU.ActiveCfg = Release|Any CPU
		{C3164312-B83A-44B9-9D91-C181082DB206}.Release|Any CPU.Build.0 = Release|Any CPU
		{1F88A318-6B0B-47EE-B838-4FA326641A04}.Debug|Any CPU.ActiveCfg = Debug|Any CPU
		{1F88A318-6B0B-47EE-B838-4FA326641A04}.Debug|Any CPU.Build.0 = Debug|Any CPU
		{1F88A318-6B0B-47EE-B838-4FA326641A04}.Release|Any CPU.ActiveCfg = Release|Any CPU
		{1F88A318-6B0B-47EE-B838-4FA326641A04}.Release|Any CPU.Build.0 = Release|Any CPU
		{8FE5FB8C-972D-4F3D-9098-0D3C9943304B}.Debug|Any CPU.ActiveCfg = Debug|Any CPU
		{8FE5FB8C-972D-4F3D-9098-0D3C9943304B}.Debug|Any CPU.Build.0 = Debug|Any CPU
		{8FE5FB8C-972D-4F3D-9098-0D3C9943304B}.Release|Any CPU.ActiveCfg = Release|Any CPU
		{8FE5FB8C-972D-4F3D-9098-0D3C9943304B}.Release|Any CPU.Build.0 = Release|Any CPU
	EndGlobalSection
	GlobalSection(SolutionProperties) = preSolution
		HideSolutionNode = FALSE
	EndGlobalSection
	GlobalSection(ExtensibilityGlobals) = postSolution
		SolutionGuid = {7DCC527D-4990-4020-8C8D-91B337D166AC}
	EndGlobalSection
EndGlobal
